// !$*UTF8*$!
{
	archiveVersion = 1;
	classes = {
	};
	objectVersion = 55;
	objects = {

/* Begin PBXBuildFile section */
		869B882528C144D40034C916 /* AppDelegate.swift in Sources */ = {isa = PBXBuildFile; fileRef = 869B882428C144D40034C916 /* AppDelegate.swift */; };
		869B882728C144D40034C916 /* SceneDelegate.swift in Sources */ = {isa = PBXBuildFile; fileRef = 869B882628C144D40034C916 /* SceneDelegate.swift */; };
		869B882928C144D40034C916 /* ViewController.swift in Sources */ = {isa = PBXBuildFile; fileRef = 869B882828C144D40034C916 /* ViewController.swift */; };
		869B882C28C144D40034C916 /* Main.storyboard in Resources */ = {isa = PBXBuildFile; fileRef = 869B882A28C144D40034C916 /* Main.storyboard */; };
		869B882E28C144D50034C916 /* Assets.xcassets in Resources */ = {isa = PBXBuildFile; fileRef = 869B882D28C144D50034C916 /* Assets.xcassets */; };
		869B883128C144D50034C916 /* LaunchScreen.storyboard in Resources */ = {isa = PBXBuildFile; fileRef = 869B882F28C144D50034C916 /* LaunchScreen.storyboard */; };
		869B883628C144D50034C916 /* Guess It WatchKit App.app in Embed Watch Content */ = {isa = PBXBuildFile; fileRef = 869B883528C144D50034C916 /* Guess It WatchKit App.app */; settings = {ATTRIBUTES = (RemoveHeadersOnCopy, ); }; };
		869B883C28C144D50034C916 /* Interface.storyboard in Resources */ = {isa = PBXBuildFile; fileRef = 869B883A28C144D50034C916 /* Interface.storyboard */; };
		869B883E28C144D50034C916 /* Assets.xcassets in Resources */ = {isa = PBXBuildFile; fileRef = 869B883D28C144D50034C916 /* Assets.xcassets */; };
		869B884428C144D50034C916 /* Guess It WatchKit Extension.appex in Embed App Extensions */ = {isa = PBXBuildFile; fileRef = 869B884328C144D50034C916 /* Guess It WatchKit Extension.appex */; settings = {ATTRIBUTES = (RemoveHeadersOnCopy, ); }; };
		869B884928C144D50034C916 /* InterfaceController.swift in Sources */ = {isa = PBXBuildFile; fileRef = 869B884828C144D50034C916 /* InterfaceController.swift */; };
		869B884B28C144D50034C916 /* ExtensionDelegate.swift in Sources */ = {isa = PBXBuildFile; fileRef = 869B884A28C144D50034C916 /* ExtensionDelegate.swift */; };
		869B884D28C144D50034C916 /* ComplicationController.swift in Sources */ = {isa = PBXBuildFile; fileRef = 869B884C28C144D50034C916 /* ComplicationController.swift */; };
		869B884F28C144D60034C916 /* Assets.xcassets in Resources */ = {isa = PBXBuildFile; fileRef = 869B884E28C144D60034C916 /* Assets.xcassets */; };
/* End PBXBuildFile section */

/* Begin PBXContainerItemProxy section */
		869B883728C144D50034C916 /* PBXContainerItemProxy */ = {
			isa = PBXContainerItemProxy;
			containerPortal = 869B881928C144D40034C916 /* Project object */;
			proxyType = 1;
			remoteGlobalIDString = 869B883428C144D50034C916;
			remoteInfo = "Guess It WatchKit App";
		};
		869B884528C144D50034C916 /* PBXContainerItemProxy */ = {
			isa = PBXContainerItemProxy;
			containerPortal = 869B881928C144D40034C916 /* Project object */;
			proxyType = 1;
			remoteGlobalIDString = 869B884228C144D50034C916;
			remoteInfo = "Guess It WatchKit Extension";
		};
/* End PBXContainerItemProxy section */

/* Begin PBXCopyFilesBuildPhase section */
		869B885628C144D60034C916 /* Embed App Extensions */ = {
			isa = PBXCopyFilesBuildPhase;
			buildActionMask = 2147483647;
			dstPath = "";
			dstSubfolderSpec = 13;
			files = (
				869B884428C144D50034C916 /* Guess It WatchKit Extension.appex in Embed App Extensions */,
			);
			name = "Embed App Extensions";
			runOnlyForDeploymentPostprocessing = 0;
		};
		869B885A28C144D60034C916 /* Embed Watch Content */ = {
			isa = PBXCopyFilesBuildPhase;
			buildActionMask = 2147483647;
			dstPath = "$(CONTENTS_FOLDER_PATH)/Watch";
			dstSubfolderSpec = 16;
			files = (
				869B883628C144D50034C916 /* Guess It WatchKit App.app in Embed Watch Content */,
			);
			name = "Embed Watch Content";
			runOnlyForDeploymentPostprocessing = 0;
		};
/* End PBXCopyFilesBuildPhase section */

/* Begin PBXFileReference section */
		869B882128C144D40034C916 /* Guess It.app */ = {isa = PBXFileReference; explicitFileType = wrapper.application; includeInIndex = 0; path = "Guess It.app"; sourceTree = BUILT_PRODUCTS_DIR; };
		869B882428C144D40034C916 /* AppDelegate.swift */ = {isa = PBXFileReference; lastKnownFileType = sourcecode.swift; path = AppDelegate.swift; sourceTree = "<group>"; };
		869B882628C144D40034C916 /* SceneDelegate.swift */ = {isa = PBXFileReference; lastKnownFileType = sourcecode.swift; path = SceneDelegate.swift; sourceTree = "<group>"; };
		869B882828C144D40034C916 /* ViewController.swift */ = {isa = PBXFileReference; lastKnownFileType = sourcecode.swift; path = ViewController.swift; sourceTree = "<group>"; };
		869B882B28C144D40034C916 /* Base */ = {isa = PBXFileReference; lastKnownFileType = file.storyboard; name = Base; path = Base.lproj/Main.storyboard; sourceTree = "<group>"; };
		869B882D28C144D50034C916 /* Assets.xcassets */ = {isa = PBXFileReference; lastKnownFileType = folder.assetcatalog; path = Assets.xcassets; sourceTree = "<group>"; };
		869B883028C144D50034C916 /* Base */ = {isa = PBXFileReference; lastKnownFileType = file.storyboard; name = Base; path = Base.lproj/LaunchScreen.storyboard; sourceTree = "<group>"; };
		869B883228C144D50034C916 /* Info.plist */ = {isa = PBXFileReference; lastKnownFileType = text.plist.xml; path = Info.plist; sourceTree = "<group>"; };
		869B883528C144D50034C916 /* Guess It WatchKit App.app */ = {isa = PBXFileReference; explicitFileType = wrapper.application; includeInIndex = 0; path = "Guess It WatchKit App.app"; sourceTree = BUILT_PRODUCTS_DIR; };
		869B883B28C144D50034C916 /* Base */ = {isa = PBXFileReference; lastKnownFileType = file.storyboard; name = Base; path = Base.lproj/Interface.storyboard; sourceTree = "<group>"; };
		869B883D28C144D50034C916 /* Assets.xcassets */ = {isa = PBXFileReference; lastKnownFileType = folder.assetcatalog; path = Assets.xcassets; sourceTree = "<group>"; };
		869B884328C144D50034C916 /* Guess It WatchKit Extension.appex */ = {isa = PBXFileReference; explicitFileType = "wrapper.app-extension"; includeInIndex = 0; path = "Guess It WatchKit Extension.appex"; sourceTree = BUILT_PRODUCTS_DIR; };
		869B884828C144D50034C916 /* InterfaceController.swift */ = {isa = PBXFileReference; lastKnownFileType = sourcecode.swift; path = InterfaceController.swift; sourceTree = "<group>"; };
		869B884A28C144D50034C916 /* ExtensionDelegate.swift */ = {isa = PBXFileReference; lastKnownFileType = sourcecode.swift; path = ExtensionDelegate.swift; sourceTree = "<group>"; };
		869B884C28C144D50034C916 /* ComplicationController.swift */ = {isa = PBXFileReference; lastKnownFileType = sourcecode.swift; path = ComplicationController.swift; sourceTree = "<group>"; };
		869B884E28C144D60034C916 /* Assets.xcassets */ = {isa = PBXFileReference; lastKnownFileType = folder.assetcatalog; path = Assets.xcassets; sourceTree = "<group>"; };
		869B885028C144D60034C916 /* Info.plist */ = {isa = PBXFileReference; lastKnownFileType = text.plist.xml; path = Info.plist; sourceTree = "<group>"; };
/* End PBXFileReference section */

/* Begin PBXFrameworksBuildPhase section */
		869B881E28C144D40034C916 /* Frameworks */ = {
			isa = PBXFrameworksBuildPhase;
			buildActionMask = 2147483647;
			files = (
			);
			runOnlyForDeploymentPostprocessing = 0;
		};
		869B884028C144D50034C916 /* Frameworks */ = {
			isa = PBXFrameworksBuildPhase;
			buildActionMask = 2147483647;
			files = (
			);
			runOnlyForDeploymentPostprocessing = 0;
		};
/* End PBXFrameworksBuildPhase section */

/* Begin PBXGroup section */
		869B881828C144D40034C916 = {
			isa = PBXGroup;
			children = (
				869B882328C144D40034C916 /* Guess It */,
				869B883928C144D50034C916 /* Guess It WatchKit App */,
				869B884728C144D50034C916 /* Guess It WatchKit Extension */,
				869B882228C144D40034C916 /* Products */,
			);
			sourceTree = "<group>";
		};
		869B882228C144D40034C916 /* Products */ = {
			isa = PBXGroup;
			children = (
				869B882128C144D40034C916 /* Guess It.app */,
				869B883528C144D50034C916 /* Guess It WatchKit App.app */,
				869B884328C144D50034C916 /* Guess It WatchKit Extension.appex */,
			);
			name = Products;
			sourceTree = "<group>";
		};
		869B882328C144D40034C916 /* Guess It */ = {
			isa = PBXGroup;
			children = (
				869B882428C144D40034C916 /* AppDelegate.swift */,
				869B882628C144D40034C916 /* SceneDelegate.swift */,
				869B882828C144D40034C916 /* ViewController.swift */,
				869B882A28C144D40034C916 /* Main.storyboard */,
				869B882D28C144D50034C916 /* Assets.xcassets */,
				869B882F28C144D50034C916 /* LaunchScreen.storyboard */,
				869B883228C144D50034C916 /* Info.plist */,
			);
			path = "Guess It";
			sourceTree = "<group>";
		};
		869B883928C144D50034C916 /* Guess It WatchKit App */ = {
			isa = PBXGroup;
			children = (
				869B883A28C144D50034C916 /* Interface.storyboard */,
				869B883D28C144D50034C916 /* Assets.xcassets */,
			);
			path = "Guess It WatchKit App";
			sourceTree = "<group>";
		};
		869B884728C144D50034C916 /* Guess It WatchKit Extension */ = {
			isa = PBXGroup;
			children = (
				869B884828C144D50034C916 /* InterfaceController.swift */,
				869B884A28C144D50034C916 /* ExtensionDelegate.swift */,
				869B884C28C144D50034C916 /* ComplicationController.swift */,
				869B884E28C144D60034C916 /* Assets.xcassets */,
				869B885028C144D60034C916 /* Info.plist */,
			);
			path = "Guess It WatchKit Extension";
			sourceTree = "<group>";
		};
/* End PBXGroup section */

/* Begin PBXNativeTarget section */
		869B882028C144D40034C916 /* Guess It */ = {
			isa = PBXNativeTarget;
			buildConfigurationList = 869B885B28C144D60034C916 /* Build configuration list for PBXNativeTarget "Guess It" */;
			buildPhases = (
				869B881D28C144D40034C916 /* Sources */,
				869B881E28C144D40034C916 /* Frameworks */,
				869B881F28C144D40034C916 /* Resources */,
				869B885A28C144D60034C916 /* Embed Watch Content */,
			);
			buildRules = (
			);
			dependencies = (
				869B883828C144D50034C916 /* PBXTargetDependency */,
			);
			name = "Guess It";
			productName = "Guess It";
			productReference = 869B882128C144D40034C916 /* Guess It.app */;
			productType = "com.apple.product-type.application";
		};
		869B883428C144D50034C916 /* Guess It WatchKit App */ = {
			isa = PBXNativeTarget;
			buildConfigurationList = 869B885728C144D60034C916 /* Build configuration list for PBXNativeTarget "Guess It WatchKit App" */;
			buildPhases = (
				869B883328C144D50034C916 /* Resources */,
				869B885628C144D60034C916 /* Embed App Extensions */,
			);
			buildRules = (
			);
			dependencies = (
				869B884628C144D50034C916 /* PBXTargetDependency */,
			);
			name = "Guess It WatchKit App";
			productName = "Guess It WatchKit App";
			productReference = 869B883528C144D50034C916 /* Guess It WatchKit App.app */;
			productType = "com.apple.product-type.application.watchapp2";
		};
		869B884228C144D50034C916 /* Guess It WatchKit Extension */ = {
			isa = PBXNativeTarget;
			buildConfigurationList = 869B885328C144D60034C916 /* Build configuration list for PBXNativeTarget "Guess It WatchKit Extension" */;
			buildPhases = (
				869B883F28C144D50034C916 /* Sources */,
				869B884028C144D50034C916 /* Frameworks */,
				869B884128C144D50034C916 /* Resources */,
			);
			buildRules = (
			);
			dependencies = (
			);
			name = "Guess It WatchKit Extension";
			productName = "Guess It WatchKit Extension";
			productReference = 869B884328C144D50034C916 /* Guess It WatchKit Extension.appex */;
			productType = "com.apple.product-type.watchkit2-extension";
		};
/* End PBXNativeTarget section */

/* Begin PBXProject section */
		869B881928C144D40034C916 /* Project object */ = {
			isa = PBXProject;
			attributes = {
				BuildIndependentTargetsInParallel = 1;
				LastSwiftUpdateCheck = 1340;
				LastUpgradeCheck = 1340;
				TargetAttributes = {
					869B882028C144D40034C916 = {
						CreatedOnToolsVersion = 13.4.1;
					};
					869B883428C144D50034C916 = {
						CreatedOnToolsVersion = 13.4.1;
					};
					869B884228C144D50034C916 = {
						CreatedOnToolsVersion = 13.4.1;
					};
				};
			};
			buildConfigurationList = 869B881C28C144D40034C916 /* Build configuration list for PBXProject "Guess It" */;
			compatibilityVersion = "Xcode 13.0";
			developmentRegion = en;
			hasScannedForEncodings = 0;
			knownRegions = (
				en,
				Base,
			);
			mainGroup = 869B881828C144D40034C916;
			productRefGroup = 869B882228C144D40034C916 /* Products */;
			projectDirPath = "";
			projectRoot = "";
			targets = (
				869B882028C144D40034C916 /* Guess It */,
				869B883428C144D50034C916 /* Guess It WatchKit App */,
				869B884228C144D50034C916 /* Guess It WatchKit Extension */,
			);
		};
/* End PBXProject section */

/* Begin PBXResourcesBuildPhase section */
		869B881F28C144D40034C916 /* Resources */ = {
			isa = PBXResourcesBuildPhase;
			buildActionMask = 2147483647;
			files = (
				869B883128C144D50034C916 /* LaunchScreen.storyboard in Resources */,
				869B882E28C144D50034C916 /* Assets.xcassets in Resources */,
				869B882C28C144D40034C916 /* Main.storyboard in Resources */,
			);
			runOnlyForDeploymentPostprocessing = 0;
		};
		869B883328C144D50034C916 /* Resources */ = {
			isa = PBXResourcesBuildPhase;
			buildActionMask = 2147483647;
			files = (
				869B883E28C144D50034C916 /* Assets.xcassets in Resources */,
				869B883C28C144D50034C916 /* Interface.storyboard in Resources */,
			);
			runOnlyForDeploymentPostprocessing = 0;
		};
		869B884128C144D50034C916 /* Resources */ = {
			isa = PBXResourcesBuildPhase;
			buildActionMask = 2147483647;
			files = (
				869B884F28C144D60034C916 /* Assets.xcassets in Resources */,
			);
			runOnlyForDeploymentPostprocessing = 0;
		};
/* End PBXResourcesBuildPhase section */

/* Begin PBXSourcesBuildPhase section */
		869B881D28C144D40034C916 /* Sources */ = {
			isa = PBXSourcesBuildPhase;
			buildActionMask = 2147483647;
			files = (
				869B882928C144D40034C916 /* ViewController.swift in Sources */,
				869B882528C144D40034C916 /* AppDelegate.swift in Sources */,
				869B882728C144D40034C916 /* SceneDelegate.swift in Sources */,
			);
			runOnlyForDeploymentPostprocessing = 0;
		};
		869B883F28C144D50034C916 /* Sources */ = {
			isa = PBXSourcesBuildPhase;
			buildActionMask = 2147483647;
			files = (
				869B884B28C144D50034C916 /* ExtensionDelegate.swift in Sources */,
				869B884928C144D50034C916 /* InterfaceController.swift in Sources */,
				869B884D28C144D50034C916 /* ComplicationController.swift in Sources */,
			);
			runOnlyForDeploymentPostprocessing = 0;
		};
/* End PBXSourcesBuildPhase section */

/* Begin PBXTargetDependency section */
		869B883828C144D50034C916 /* PBXTargetDependency */ = {
			isa = PBXTargetDependency;
			target = 869B883428C144D50034C916 /* Guess It WatchKit App */;
			targetProxy = 869B883728C144D50034C916 /* PBXContainerItemProxy */;
		};
		869B884628C144D50034C916 /* PBXTargetDependency */ = {
			isa = PBXTargetDependency;
			target = 869B884228C144D50034C916 /* Guess It WatchKit Extension */;
			targetProxy = 869B884528C144D50034C916 /* PBXContainerItemProxy */;
		};
/* End PBXTargetDependency section */

/* Begin PBXVariantGroup section */
		869B882A28C144D40034C916 /* Main.storyboard */ = {
			isa = PBXVariantGroup;
			children = (
				869B882B28C144D40034C916 /* Base */,
			);
			name = Main.storyboard;
			sourceTree = "<group>";
		};
		869B882F28C144D50034C916 /* LaunchScreen.storyboard */ = {
			isa = PBXVariantGroup;
			children = (
				869B883028C144D50034C916 /* Base */,
			);
			name = LaunchScreen.storyboard;
			sourceTree = "<group>";
		};
		869B883A28C144D50034C916 /* Interface.storyboard */ = {
			isa = PBXVariantGroup;
			children = (
				869B883B28C144D50034C916 /* Base */,
			);
			name = Interface.storyboard;
			sourceTree = "<group>";
		};
/* End PBXVariantGroup section */

/* Begin XCBuildConfiguration section */
		869B885128C144D60034C916 /* Debug */ = {
			isa = XCBuildConfiguration;
			buildSettings = {
				ALWAYS_SEARCH_USER_PATHS = NO;
				CLANG_ANALYZER_NONNULL = YES;
				CLANG_ANALYZER_NUMBER_OBJECT_CONVERSION = YES_AGGRESSIVE;
				CLANG_CXX_LANGUAGE_STANDARD = "gnu++17";
				CLANG_ENABLE_MODULES = YES;
				CLANG_ENABLE_OBJC_ARC = YES;
				CLANG_ENABLE_OBJC_WEAK = YES;
				CLANG_WARN_BLOCK_CAPTURE_AUTORELEASING = YES;
				CLANG_WARN_BOOL_CONVERSION = YES;
				CLANG_WARN_COMMA = YES;
				CLANG_WARN_CONSTANT_CONVERSION = YES;
				CLANG_WARN_DEPRECATED_OBJC_IMPLEMENTATIONS = YES;
				CLANG_WARN_DIRECT_OBJC_ISA_USAGE = YES_ERROR;
				CLANG_WARN_DOCUMENTATION_COMMENTS = YES;
				CLANG_WARN_EMPTY_BODY = YES;
				CLANG_WARN_ENUM_CONVERSION = YES;
				CLANG_WARN_INFINITE_RECURSION = YES;
				CLANG_WARN_INT_CONVERSION = YES;
				CLANG_WARN_NON_LITERAL_NULL_CONVERSION = YES;
				CLANG_WARN_OBJC_IMPLICIT_RETAIN_SELF = YES;
				CLANG_WARN_OBJC_LITERAL_CONVERSION = YES;
				CLANG_WARN_OBJC_ROOT_CLASS = YES_ERROR;
				CLANG_WARN_QUOTED_INCLUDE_IN_FRAMEWORK_HEADER = YES;
				CLANG_WARN_RANGE_LOOP_ANALYSIS = YES;
				CLANG_WARN_STRICT_PROTOTYPES = YES;
				CLANG_WARN_SUSPICIOUS_MOVE = YES;
				CLANG_WARN_UNGUARDED_AVAILABILITY = YES_AGGRESSIVE;
				CLANG_WARN_UNREACHABLE_CODE = YES;
				CLANG_WARN__DUPLICATE_METHOD_MATCH = YES;
				COPY_PHASE_STRIP = NO;
				DEBUG_INFORMATION_FORMAT = dwarf;
				ENABLE_STRICT_OBJC_MSGSEND = YES;
				ENABLE_TESTABILITY = YES;
				GCC_C_LANGUAGE_STANDARD = gnu11;
				GCC_DYNAMIC_NO_PIC = NO;
				GCC_NO_COMMON_BLOCKS = YES;
				GCC_OPTIMIZATION_LEVEL = 0;
				GCC_PREPROCESSOR_DEFINITIONS = (
					"DEBUG=1",
					"$(inherited)",
				);
				GCC_WARN_64_TO_32_BIT_CONVERSION = YES;
				GCC_WARN_ABOUT_RETURN_TYPE = YES_ERROR;
				GCC_WARN_UNDECLARED_SELECTOR = YES;
				GCC_WARN_UNINITIALIZED_AUTOS = YES_AGGRESSIVE;
				GCC_WARN_UNUSED_FUNCTION = YES;
				GCC_WARN_UNUSED_VARIABLE = YES;
				MTL_ENABLE_DEBUG_INFO = INCLUDE_SOURCE;
				MTL_FAST_MATH = YES;
				ONLY_ACTIVE_ARCH = YES;
				SWIFT_ACTIVE_COMPILATION_CONDITIONS = DEBUG;
				SWIFT_OPTIMIZATION_LEVEL = "-Onone";
			};
			name = Debug;
		};
		869B885228C144D60034C916 /* Release */ = {
			isa = XCBuildConfiguration;
			buildSettings = {
				ALWAYS_SEARCH_USER_PATHS = NO;
				CLANG_ANALYZER_NONNULL = YES;
				CLANG_ANALYZER_NUMBER_OBJECT_CONVERSION = YES_AGGRESSIVE;
				CLANG_CXX_LANGUAGE_STANDARD = "gnu++17";
				CLANG_ENABLE_MODULES = YES;
				CLANG_ENABLE_OBJC_ARC = YES;
				CLANG_ENABLE_OBJC_WEAK = YES;
				CLANG_WARN_BLOCK_CAPTURE_AUTORELEASING = YES;
				CLANG_WARN_BOOL_CONVERSION = YES;
				CLANG_WARN_COMMA = YES;
				CLANG_WARN_CONSTANT_CONVERSION = YES;
				CLANG_WARN_DEPRECATED_OBJC_IMPLEMENTATIONS = YES;
				CLANG_WARN_DIRECT_OBJC_ISA_USAGE = YES_ERROR;
				CLANG_WARN_DOCUMENTATION_COMMENTS = YES;
				CLANG_WARN_EMPTY_BODY = YES;
				CLANG_WARN_ENUM_CONVERSION = YES;
				CLANG_WARN_INFINITE_RECURSION = YES;
				CLANG_WARN_INT_CONVERSION = YES;
				CLANG_WARN_NON_LITERAL_NULL_CONVERSION = YES;
				CLANG_WARN_OBJC_IMPLICIT_RETAIN_SELF = YES;
				CLANG_WARN_OBJC_LITERAL_CONVERSION = YES;
				CLANG_WARN_OBJC_ROOT_CLASS = YES_ERROR;
				CLANG_WARN_QUOTED_INCLUDE_IN_FRAMEWORK_HEADER = YES;
				CLANG_WARN_RANGE_LOOP_ANALYSIS = YES;
				CLANG_WARN_STRICT_PROTOTYPES = YES;
				CLANG_WARN_SUSPICIOUS_MOVE = YES;
				CLANG_WARN_UNGUARDED_AVAILABILITY = YES_AGGRESSIVE;
				CLANG_WARN_UNREACHABLE_CODE = YES;
				CLANG_WARN__DUPLICATE_METHOD_MATCH = YES;
				COPY_PHASE_STRIP = NO;
				DEBUG_INFORMATION_FORMAT = "dwarf-with-dsym";
				ENABLE_NS_ASSERTIONS = NO;
				ENABLE_STRICT_OBJC_MSGSEND = YES;
				GCC_C_LANGUAGE_STANDARD = gnu11;
				GCC_NO_COMMON_BLOCKS = YES;
				GCC_WARN_64_TO_32_BIT_CONVERSION = YES;
				GCC_WARN_ABOUT_RETURN_TYPE = YES_ERROR;
				GCC_WARN_UNDECLARED_SELECTOR = YES;
				GCC_WARN_UNINITIALIZED_AUTOS = YES_AGGRESSIVE;
				GCC_WARN_UNUSED_FUNCTION = YES;
				GCC_WARN_UNUSED_VARIABLE = YES;
				MTL_ENABLE_DEBUG_INFO = NO;
				MTL_FAST_MATH = YES;
				SWIFT_COMPILATION_MODE = wholemodule;
				SWIFT_OPTIMIZATION_LEVEL = "-O";
			};
			name = Release;
		};
		869B885428C144D60034C916 /* Debug */ = {
			isa = XCBuildConfiguration;
			buildSettings = {
				ASSETCATALOG_COMPILER_COMPLICATION_NAME = Complication;
				CODE_SIGN_STYLE = Automatic;
				CURRENT_PROJECT_VERSION = 1;
				DEVELOPMENT_TEAM = RB4GHHSS4P;
				GENERATE_INFOPLIST_FILE = YES;
				INFOPLIST_FILE = "Guess It WatchKit Extension/Info.plist";
				INFOPLIST_KEY_CFBundleDisplayName = "Guess It WatchKit Extension";
				INFOPLIST_KEY_CLKComplicationPrincipalClass = "$(PRODUCT_MODULE_NAME).ComplicationController";
				INFOPLIST_KEY_NSHumanReadableCopyright = "";
				INFOPLIST_KEY_WKExtensionDelegateClassName = "$(PRODUCT_MODULE_NAME).ExtensionDelegate";
				INFOPLIST_KEY_WKRunsIndependentlyOfCompanionApp = YES;
				LD_RUNPATH_SEARCH_PATHS = (
					"$(inherited)",
					"@executable_path/Frameworks",
					"@executable_path/../../Frameworks",
				);
				MARKETING_VERSION = 1.0;
				PRODUCT_BUNDLE_IDENTIFIER = "DenysIlnytskyi.Guess-It.watchkitapp.watchkitextension";
				PRODUCT_NAME = "${TARGET_NAME}";
				SDKROOT = watchos;
				SKIP_INSTALL = YES;
				SWIFT_EMIT_LOC_STRINGS = YES;
				SWIFT_VERSION = 5.0;
				TARGETED_DEVICE_FAMILY = 4;
				WATCHOS_DEPLOYMENT_TARGET = 8.5;
			};
			name = Debug;
		};
		869B885528C144D60034C916 /* Release */ = {
			isa = XCBuildConfiguration;
			buildSettings = {
				ASSETCATALOG_COMPILER_COMPLICATION_NAME = Complication;
				CODE_SIGN_STYLE = Automatic;
				CURRENT_PROJECT_VERSION = 1;
				DEVELOPMENT_TEAM = RB4GHHSS4P;
				GENERATE_INFOPLIST_FILE = YES;
				INFOPLIST_FILE = "Guess It WatchKit Extension/Info.plist";
				INFOPLIST_KEY_CFBundleDisplayName = "Guess It WatchKit Extension";
				INFOPLIST_KEY_CLKComplicationPrincipalClass = "$(PRODUCT_MODULE_NAME).ComplicationController";
				INFOPLIST_KEY_NSHumanReadableCopyright = "";
				INFOPLIST_KEY_WKExtensionDelegateClassName = "$(PRODUCT_MODULE_NAME).ExtensionDelegate";
				INFOPLIST_KEY_WKRunsIndependentlyOfCompanionApp = YES;
				LD_RUNPATH_SEARCH_PATHS = (
					"$(inherited)",
					"@executable_path/Frameworks",
					"@executable_path/../../Frameworks",
				);
				MARKETING_VERSION = 1.0;
				PRODUCT_BUNDLE_IDENTIFIER = "DenysIlnytskyi.Guess-It.watchkitapp.watchkitextension";
				PRODUCT_NAME = "${TARGET_NAME}";
				SDKROOT = watchos;
				SKIP_INSTALL = YES;
				SWIFT_EMIT_LOC_STRINGS = YES;
				SWIFT_VERSION = 5.0;
				TARGETED_DEVICE_FAMILY = 4;
				VALIDATE_PRODUCT = YES;
				WATCHOS_DEPLOYMENT_TARGET = 8.5;
			};
			name = Release;
		};
		869B885828C144D60034C916 /* Debug */ = {
			isa = XCBuildConfiguration;
			buildSettings = {
				ALWAYS_EMBED_SWIFT_STANDARD_LIBRARIES = YES;
				ASSETCATALOG_COMPILER_APPICON_NAME = AppIcon;
				ASSETCATALOG_COMPILER_GLOBAL_ACCENT_COLOR_NAME = AccentColor;
				CODE_SIGN_STYLE = Automatic;
				CURRENT_PROJECT_VERSION = 1;
				DEVELOPMENT_TEAM = RB4GHHSS4P;
				GENERATE_INFOPLIST_FILE = YES;
				IBSC_MODULE = Guess_It_WatchKit_Extension;
				INFOPLIST_KEY_CFBundleDisplayName = "Guess It WatchKit App";
				INFOPLIST_KEY_UISupportedInterfaceOrientations = "UIInterfaceOrientationPortrait UIInterfaceOrientationPortraitUpsideDown";
				INFOPLIST_KEY_WKCompanionAppBundleIdentifier = "DenysIlnytskyi.Guess-It";
				MARKETING_VERSION = 1.0;
				PRODUCT_BUNDLE_IDENTIFIER = "DenysIlnytskyi.Guess-It.watchkitapp";
				PRODUCT_NAME = "$(TARGET_NAME)";
				SDKROOT = watchos;
				SKIP_INSTALL = YES;
				SWIFT_EMIT_LOC_STRINGS = YES;
				SWIFT_VERSION = 5.0;
				TARGETED_DEVICE_FAMILY = 4;
				WATCHOS_DEPLOYMENT_TARGET = 8.5;
			};
			name = Debug;
		};
		869B885928C144D60034C916 /* Release */ = {
			isa = XCBuildConfiguration;
			buildSettings = {
				ALWAYS_EMBED_SWIFT_STANDARD_LIBRARIES = YES;
				ASSETCATALOG_COMPILER_APPICON_NAME = AppIcon;
				ASSETCATALOG_COMPILER_GLOBAL_ACCENT_COLOR_NAME = AccentColor;
				CODE_SIGN_STYLE = Automatic;
				CURRENT_PROJECT_VERSION = 1;
				DEVELOPMENT_TEAM = RB4GHHSS4P;
				GENERATE_INFOPLIST_FILE = YES;
				IBSC_MODULE = Guess_It_WatchKit_Extension;
				INFOPLIST_KEY_CFBundleDisplayName = "Guess It WatchKit App";
				INFOPLIST_KEY_UISupportedInterfaceOrientations = "UIInterfaceOrientationPortrait UIInterfaceOrientationPortraitUpsideDown";
				INFOPLIST_KEY_WKCompanionAppBundleIdentifier = "DenysIlnytskyi.Guess-It";
				MARKETING_VERSION = 1.0;
				PRODUCT_BUNDLE_IDENTIFIER = "DenysIlnytskyi.Guess-It.watchkitapp";
				PRODUCT_NAME = "$(TARGET_NAME)";
				SDKROOT = watchos;
				SKIP_INSTALL = YES;
				SWIFT_EMIT_LOC_STRINGS = YES;
				SWIFT_VERSION = 5.0;
				TARGETED_DEVICE_FAMILY = 4;
				VALIDATE_PRODUCT = YES;
				WATCHOS_DEPLOYMENT_TARGET = 8.5;
			};
			name = Release;
		};
		869B885C28C144D60034C916 /* Debug */ = {
			isa = XCBuildConfiguration;
			buildSettings = {
				ASSETCATALOG_COMPILER_APPICON_NAME = AppIcon;
				ASSETCATALOG_COMPILER_GLOBAL_ACCENT_COLOR_NAME = AccentColor;
				CODE_SIGN_STYLE = Automatic;
				CURRENT_PROJECT_VERSION = 1;
				DEVELOPMENT_TEAM = RB4GHHSS4P;
				GENERATE_INFOPLIST_FILE = YES;
				INFOPLIST_FILE = "Guess It/Info.plist";
				INFOPLIST_KEY_UIApplicationSupportsIndirectInputEvents = YES;
				INFOPLIST_KEY_UILaunchStoryboardName = LaunchScreen;
				INFOPLIST_KEY_UIMainStoryboardFile = Main;
				INFOPLIST_KEY_UISupportedInterfaceOrientations_iPad = "UIInterfaceOrientationPortrait UIInterfaceOrientationPortraitUpsideDown UIInterfaceOrientationLandscapeLeft UIInterfaceOrientationLandscapeRight";
				INFOPLIST_KEY_UISupportedInterfaceOrientations_iPhone = "UIInterfaceOrientationPortrait UIInterfaceOrientationLandscapeLeft UIInterfaceOrientationLandscapeRight";
				IPHONEOS_DEPLOYMENT_TARGET = 15.5;
				LD_RUNPATH_SEARCH_PATHS = (
					"$(inherited)",
					"@executable_path/Frameworks",
				);
				MARKETING_VERSION = 1.0;
				PRODUCT_BUNDLE_IDENTIFIER = "DenysIlnytskyi.Guess-It";
				PRODUCT_NAME = "$(TARGET_NAME)";
				SDKROOT = iphoneos;
				SWIFT_EMIT_LOC_STRINGS = YES;
				SWIFT_VERSION = 5.0;
				TARGETED_DEVICE_FAMILY = "1,2";
			};
			name = Debug;
		};
		869B885D28C144D60034C916 /* Release */ = {
			isa = XCBuildConfiguration;
			buildSettings = {
				ASSETCATALOG_COMPILER_APPICON_NAME = AppIcon;
				ASSETCATALOG_COMPILER_GLOBAL_ACCENT_COLOR_NAME = AccentColor;
				CODE_SIGN_STYLE = Automatic;
				CURRENT_PROJECT_VERSION = 1;
				DEVELOPMENT_TEAM = RB4GHHSS4P;
				GENERATE_INFOPLIST_FILE = YES;
				INFOPLIST_FILE = "Guess It/Info.plist";
				INFOPLIST_KEY_UIApplicationSupportsIndirectInputEvents = YES;
				INFOPLIST_KEY_UILaunchStoryboardName = LaunchScreen;
				INFOPLIST_KEY_UIMainStoryboardFile = Main;
				INFOPLIST_KEY_UISupportedInterfaceOrientations_iPad = "UIInterfaceOrientationPortrait UIInterfaceOrientationPortraitUpsideDown UIInterfaceOrientationLandscapeLeft UIInterfaceOrientationLandscapeRight";
				INFOPLIST_KEY_UISupportedInterfaceOrientations_iPhone = "UIInterfaceOrientationPortrait UIInterfaceOrientationLandscapeLeft UIInterfaceOrientationLandscapeRight";
				IPHONEOS_DEPLOYMENT_TARGET = 15.5;
				LD_RUNPATH_SEARCH_PATHS = (
					"$(inherited)",
					"@executable_path/Frameworks",
				);
				MARKETING_VERSION = 1.0;
				PRODUCT_BUNDLE_IDENTIFIER = "DenysIlnytskyi.Guess-It";
				PRODUCT_NAME = "$(TARGET_NAME)";
				SDKROOT = iphoneos;
				SWIFT_EMIT_LOC_STRINGS = YES;
				SWIFT_VERSION = 5.0;
				TARGETED_DEVICE_FAMILY = "1,2";
				VALIDATE_PRODUCT = YES;
			};
			name = Release;
		};
/* End XCBuildConfiguration section */

/* Begin XCConfigurationList section */
		869B881C28C144D40034C916 /* Build configuration list for PBXProject "Guess It" */ = {
			isa = XCConfigurationList;
			buildConfigurations = (
				869B885128C144D60034C916 /* Debug */,
				869B885228C144D60034C916 /* Release */,
			);
			defaultConfigurationIsVisible = 0;
			defaultConfigurationName = Release;
		};
		869B885328C144D60034C916 /* Build configuration list for PBXNativeTarget "Guess It WatchKit Extension" */ = {
			isa = XCConfigurationList;
			buildConfigurations = (
				869B885428C144D60034C916 /* Debug */,
				869B885528C144D60034C916 /* Release */,
			);
			defaultConfigurationIsVisible = 0;
			defaultConfigurationName = Release;
		};
		869B885728C144D60034C916 /* Build configuration list for PBXNativeTarget "Guess It WatchKit App" */ = {
			isa = XCConfigurationList;
			buildConfigurations = (
				869B885828C144D60034C916 /* Debug */,
				869B885928C144D60034C916 /* Release */,
			);
			defaultConfigurationIsVisible = 0;
			defaultConfigurationName = Release;
		};
		869B885B28C144D60034C916 /* Build configuration list for PBXNativeTarget "Guess It" */ = {
			isa = XCConfigurationList;
			buildConfigurations = (
				869B885C28C144D60034C916 /* Debug */,
				869B885D28C144D60034C916 /* Release */,
			);
			defaultConfigurationIsVisible = 0;
			defaultConfigurationName = Release;
		};
/* End XCConfigurationList section */
	};
	rootObject = 869B881928C144D40034C916 /* Project object */;
}
